
Microsoft Visual Studio Solution File, Format Version 12.00
# Visual Studio Version 17
VisualStudioVersion = 17.4.33110.190
MinimumVisualStudioVersion = 10.0.40219.1
Project("{FAE04EC0-301F-11D3-BF4B-00C04F79EFBC}") = "SimRacingDataAcquisition.Sender", "SimRacingDataAcquisition.Sender\SimRacingDataAcquisition.Sender.csproj", "{CC57E706-7991-409E-AA1A-7CB10919B2C5}"
EndProject
Project("{FAE04EC0-301F-11D3-BF4B-00C04F79EFBC}") = "SimRacingDataAcquisition.Reciver", "SimRacingDataAcquisition.Reciver\SimRacingDataAcquisition.Reciver.csproj", "{11F9A844-1722-45D2-9AB8-2B905AAFDA9E}"
EndProject
Global
	GlobalSection(SolutionConfigurationPlatforms) = preSolution
		Debug|Any CPU = Debug|Any CPU
		Release|Any CPU = Release|Any CPU
	EndGlobalSection
	GlobalSection(ProjectConfigurationPlatforms) = postSolution
		{CC57E706-7991-409E-AA1A-7CB10919B2C5}.Debug|Any CPU.ActiveCfg = Debug|Any CPU
		{CC57E706-7991-409E-AA1A-7CB10919B2C5}.Debug|Any CPU.Build.0 = Debug|Any CPU
		{CC57E706-7991-409E-AA1A-7CB10919B2C5}.Release|Any CPU.ActiveCfg = Release|Any CPU
		{CC57E706-7991-409E-AA1A-7CB10919B2C5}.Release|Any CPU.Build.0 = Release|Any CPU
		{11F9A844-1722-45D2-9AB8-2B905AAFDA9E}.Debug|Any CPU.ActiveCfg = Debug|Any CPU
		{11F9A844-1722-45D2-9AB8-2B905AAFDA9E}.Debug|Any CPU.Build.0 = Debug|Any CPU
		{11F9A844-1722-45D2-9AB8-2B905AAFDA9E}.Release|Any CPU.ActiveCfg = Release|Any CPU
		{11F9A844-1722-45D2-9AB8-2B905AAFDA9E}.Release|Any CPU.Build.0 = Release|Any CPU
	EndGlobalSection
	GlobalSection(SolutionProperties) = preSolution
		HideSolutionNode = FALSE
	EndGlobalSection
	GlobalSection(ExtensibilityGlobals) = postSolution
		SolutionGuid = {1A49670D-CFEB-4E1A-BA53-827E15B306C8}
	EndGlobalSection
EndGlobal
